
Microsoft Visual Studio Solution File, Format Version 12.00
# Visual Studio 2012
Project("{FAE04EC0-301F-11D3-BF4B-00C04F79EFBC}") = "ComplexPro_Step5", "ComplexPro_Step5\ComplexPro_Step5.csproj", "{647FD5E6-E767-40D9-ABC9-FD70B94A7860}"
EndProject
Global
	GlobalSection(SolutionConfigurationPlatforms) = preSolution
		Debug|Any CPU = Debug|Any CPU
		Release|Any CPU = Release|Any CPU
	EndGlobalSection
	GlobalSection(ProjectConfigurationPlatforms) = postSolution
		{647FD5E6-E767-40D9-ABC9-FD70B94A7860}.Debug|Any CPU.ActiveCfg = Debug|Any CPU
		{647FD5E6-E767-40D9-ABC9-FD70B94A7860}.Debug|Any CPU.Build.0 = Debug|Any CPU
		{647FD5E6-E767-40D9-ABC9-FD70B94A7860}.Release|Any CPU.ActiveCfg = Release|Any CPU
		{647FD5E6-E767-40D9-ABC9-FD70B94A7860}.Release|Any CPU.Build.0 = Release|Any CPU
	EndGlobalSection
	GlobalSection(SolutionProperties) = preSolution
		HideSolutionNode = FALSE
	EndGlobalSection
EndGlobal
